{
  "requires": true,
  "lockfileVersion": 1,
  "dependencies": {
    "@jridgewell/sourcemap-codec": {
      "version": "1.5.0",
      "resolved": "https://registry.npmjs.org/@jridgewell/sourcemap-codec/-/sourcemap-codec-1.5.0.tgz",
      "integrity": "sha512-gv3ZRaISU3fjPAgNsriBRqGWQL6quFx04YMPW/zD8XMLsU32mhCCbfbO6KZFLjvYpCZ8zyDEgqsgf+PwPaM7GQ=="
    },
    "@nuxt/kit": {
      "version": "3.17.3",
      "resolved": "https://registry.npmjs.org/@nuxt/kit/-/kit-3.17.3.tgz",
      "integrity": "sha512-aw6u6mT3TnM/MmcCRDMv3i9Sbm5/ZMSJgDl+N+WsrWNDIQ2sWmsqdDkjb/HyXF20SNwc2891hRBkaQr3hG2mhA==",
      "requires": {
        "c12": "^3.0.3",
        "consola": "^3.4.2",
        "defu": "^6.1.4",
        "destr": "^2.0.5",
        "errx": "^0.1.0",
        "exsolve": "^1.0.5",
        "ignore": "^7.0.4",
        "jiti": "^2.4.2",
        "klona": "^2.0.6",
        "knitwork": "^1.2.0",
        "mlly": "^1.7.4",
        "ohash": "^2.0.11",
        "pathe": "^2.0.3",
        "pkg-types": "^2.1.0",
        "scule": "^1.3.0",
        "semver": "^7.7.1",
        "std-env": "^3.9.0",
        "tinyglobby": "^0.2.13",
        "ufo": "^1.6.1",
        "unctx": "^2.4.1",
        "unimport": "^5.0.1",
        "untyped": "^2.0.0"
      }
    },
    "@types/estree": {
      "version": "1.0.7",
      "resolved": "https://registry.npmjs.org/@types/estree/-/estree-1.0.7.tgz",
      "integrity": "sha512-w28IoSUCJpidD/TGviZwwMJckNESJZXFu7NBZ5YJ4mEUnNraUn9Pm8HSZm/jDF1pDWYKspWE7oVphigUPRakIQ=="
    },
    "@vue/devtools-api": {
      "version": "6.6.4",
      "resolved": "https://registry.npmjs.org/@vue/devtools-api/-/devtools-api-6.6.4.tgz",
      "integrity": "sha512-sGhTPMuXqZ1rVOk32RylztWkfXTRhuS7vgAKv0zjqk8gbsHkJ7xfFf+jbySxt7tWObEJwyKaHMikV/WGDiQm8g=="
    },
    "acorn": {
      "version": "8.14.1",
      "resolved": "https://registry.npmjs.org/acorn/-/acorn-8.14.1.tgz",
      "integrity": "sha512-OvQ/2pUDKmgfCg++xsTX1wGxfTaszcHVcTctW4UJB4hibJx2HXxxO5UmVgyjMa+ZDsiaf5wWLXYpRWMmBI0QHg=="
    },
    "c12": {
      "version": "3.0.4",
      "resolved": "https://registry.npmjs.org/c12/-/c12-3.0.4.tgz",
      "integrity": "sha512-t5FaZTYbbCtvxuZq9xxIruYydrAGsJ+8UdP0pZzMiK2xl/gNiSOy0OxhLzHUEEb0m1QXYqfzfvyIFEmz/g9lqg==",
      "requires": {
        "chokidar": "^4.0.3",
        "confbox": "^0.2.2",
        "defu": "^6.1.4",
        "dotenv": "^16.5.0",
        "exsolve": "^1.0.5",
        "giget": "^2.0.0",
        "jiti": "^2.4.2",
        "ohash": "^2.0.11",
        "pathe": "^2.0.3",
        "perfect-debounce": "^1.0.0",
        "pkg-types": "^2.1.0",
        "rc9": "^2.1.2"
      }
    },
    "chokidar": {
      "version": "4.0.3",
      "resolved": "https://registry.npmjs.org/chokidar/-/chokidar-4.0.3.tgz",
      "integrity": "sha512-Qgzu8kfBvo+cA4962jnP1KkS6Dop5NS6g7R5LFYJr4b8Ub94PPQXUksCw9PvXoeXPRRddRNC5C1JQUR2SMGtnA==",
      "requires": {
        "readdirp": "^4.0.1"
      }
    },
    "citty": {
      "version": "0.1.6",
      "resolved": "https://registry.npmjs.org/citty/-/citty-0.1.6.tgz",
      "integrity": "sha512-tskPPKEs8D2KPafUypv2gxwJP8h/OaJmC82QQGGDQcHvXX43xF2VDACcJVmZ0EuSxkpO9Kc4MlrA3q0+FG58AQ==",
      "requires": {
        "consola": "^3.2.3"
      }
    },
    "confbox": {
      "version": "0.2.2",
      "resolved": "https://registry.npmjs.org/confbox/-/confbox-0.2.2.tgz",
      "integrity": "sha512-1NB+BKqhtNipMsov4xI/NnhCKp9XG9NamYp5PVm9klAT0fsrNPjaFICsCFhNhwZJKNh7zB/3q8qXz0E9oaMNtQ=="
    },
    "consola": {
      "version": "3.4.2",
      "resolved": "https://registry.npmjs.org/consola/-/consola-3.4.2.tgz",
      "integrity": "sha512-5IKcdX0nnYavi6G7TtOhwkYzyjfJlatbjMjuLSfE2kYT5pMDOilZ4OvMhi637CcDICTmz3wARPoyhqyX1Y+XvA=="
    },
    "deep-pick-omit": {
      "version": "1.2.1",
      "resolved": "https://registry.npmjs.org/deep-pick-omit/-/deep-pick-omit-1.2.1.tgz",
      "integrity": "sha512-2J6Kc/m3irCeqVG42T+SaUMesaK7oGWaedGnQQK/+O0gYc+2SP5bKh/KKTE7d7SJ+GCA9UUE1GRzh6oDe0EnGw=="
    },
    "defu": {
      "version": "6.1.4",
      "resolved": "https://registry.npmjs.org/defu/-/defu-6.1.4.tgz",
      "integrity": "sha512-mEQCMmwJu317oSz8CwdIOdwf3xMif1ttiM8LTufzc3g6kR+9Pe236twL8j3IYT1F7GfRgGcW6MWxzZjLIkuHIg=="
    },
    "destr": {
      "version": "2.0.5",
      "resolved": "https://registry.npmjs.org/destr/-/destr-2.0.5.tgz",
      "integrity": "sha512-ugFTXCtDZunbzasqBxrK93Ik/DRYsO6S/fedkWEMKqt04xZ4csmnmwGDBAb07QWNaGMAmnTIemsYZCksjATwsA=="
    },
    "dotenv": {
      "version": "16.5.0",
      "resolved": "https://registry.npmjs.org/dotenv/-/dotenv-16.5.0.tgz",
      "integrity": "sha512-m/C+AwOAr9/W1UOIZUo232ejMNnJAJtYQjUbHoNTBNTJSvqzzDh7vnrei3o3r3m9blf6ZoDkvcw0VmozNRFJxg=="
    },
    "errx": {
      "version": "0.1.0",
      "resolved": "https://registry.npmjs.org/errx/-/errx-0.1.0.tgz",
      "integrity": "sha512-fZmsRiDNv07K6s2KkKFTiD2aIvECa7++PKyD5NC32tpRw46qZA3sOz+aM+/V9V0GDHxVTKLziveV4JhzBHDp9Q=="
    },
    "escape-string-regexp": {
      "version": "5.0.0",
      "resolved": "https://registry.npmjs.org/escape-string-regexp/-/escape-string-regexp-5.0.0.tgz",
      "integrity": "sha512-/veY75JbMK4j1yjvuUxuVsiS/hr/4iHs9FTT6cgTexxdE0Ly/glccBAkloH/DofkjRbZU3bnoj38mOmhkZ0lHw=="
    },
    "estree-walker": {
      "version": "3.0.3",
      "resolved": "https://registry.npmjs.org/estree-walker/-/estree-walker-3.0.3.tgz",
      "integrity": "sha512-7RUKfXgSMMkzt6ZuXmqapOurLGPPfgj6l9uRZ7lRGolvk0y2yocc35LdcxKC5PQZdn2DMqioAQ2NoWcrTKmm6g==",
      "requires": {
        "@types/estree": "^1.0.0"
      }
    },
    "exsolve": {
      "version": "1.0.5",
      "resolved": "https://registry.npmjs.org/exsolve/-/exsolve-1.0.5.tgz",
      "integrity": "sha512-pz5dvkYYKQ1AHVrgOzBKWeP4u4FRb3a6DNK2ucr0OoNwYIU4QWsJ+NM36LLzORT+z845MzKHHhpXiUF5nvQoJg=="
    },
    "fdir": {
      "version": "6.4.4",
      "resolved": "https://registry.npmjs.org/fdir/-/fdir-6.4.4.tgz",
      "integrity": "sha512-1NZP+GK4GfuAv3PqKvxQRDMjdSRZjnkq7KfhlNrCNNlZ0ygQFpebfrnfnq/W7fpUnAv9aGWmY1zKx7FYL3gwhg=="
    },
    "giget": {
      "version": "2.0.0",
      "resolved": "https://registry.npmjs.org/giget/-/giget-2.0.0.tgz",
      "integrity": "sha512-L5bGsVkxJbJgdnwyuheIunkGatUF/zssUoxxjACCseZYAVbaqdh9Tsmmlkl8vYan09H7sbvKt4pS8GqKLBrEzA==",
      "requires": {
        "citty": "^0.1.6",
        "consola": "^3.4.0",
        "defu": "^6.1.4",
        "node-fetch-native": "^1.6.6",
        "nypm": "^0.6.0",
        "pathe": "^2.0.3"
      }
    },
    "ignore": {
      "version": "7.0.4",
      "resolved": "https://registry.npmjs.org/ignore/-/ignore-7.0.4.tgz",
      "integrity": "sha512-gJzzk+PQNznz8ysRrC0aOkBNVRBDtE1n53IqyqEf3PXrYwomFs5q4pGMizBMJF+ykh03insJ27hB8gSrD2Hn8A=="
    },
    "jiti": {
      "version": "2.4.2",
      "resolved": "https://registry.npmjs.org/jiti/-/jiti-2.4.2.tgz",
      "integrity": "sha512-rg9zJN+G4n2nfJl5MW3BMygZX56zKPNVEYYqq7adpmMh4Jn2QNEwhvQlFy6jPVdcod7txZtKHWnyZiA3a0zP7A=="
    },
    "js-tokens": {
      "version": "9.0.1",
      "resolved": "https://registry.npmjs.org/js-tokens/-/js-tokens-9.0.1.tgz",
      "integrity": "sha512-mxa9E9ITFOt0ban3j6L5MpjwegGz6lBQmM1IJkWeBZGcMxto50+eWdjC/52xDbS2vy0k7vIMK0Fe2wfL9OQSpQ=="
    },
    "klona": {
      "version": "2.0.6",
      "resolved": "https://registry.npmjs.org/klona/-/klona-2.0.6.tgz",
      "integrity": "sha512-dhG34DXATL5hSxJbIexCft8FChFXtmskoZYnoPWjXQuebWYCNkVeV3KkGegCK9CP1oswI/vQibS2GY7Em/sJJA=="
    },
    "knitwork": {
      "version": "1.2.0",
      "resolved": "https://registry.npmjs.org/knitwork/-/knitwork-1.2.0.tgz",
      "integrity": "sha512-xYSH7AvuQ6nXkq42x0v5S8/Iry+cfulBz/DJQzhIyESdLD7425jXsPy4vn5cCXU+HhRN2kVw51Vd1K6/By4BQg=="
    },
    "local-pkg": {
      "version": "1.1.1",
      "resolved": "https://registry.npmjs.org/local-pkg/-/local-pkg-1.1.1.tgz",
      "integrity": "sha512-WunYko2W1NcdfAFpuLUoucsgULmgDBRkdxHxWQ7mK0cQqwPiy8E1enjuRBrhLtZkB5iScJ1XIPdhVEFK8aOLSg==",
      "requires": {
        "mlly": "^1.7.4",
        "pkg-types": "^2.0.1",
        "quansync": "^0.2.8"
      }
    },
    "magic-string": {
      "version": "0.30.17",
      "resolved": "https://registry.npmjs.org/magic-string/-/magic-string-0.30.17.tgz",
      "integrity": "sha512-sNPKHvyjVf7gyjwS4xGTaW/mCnF8wnjtifKBEhxfZ7E/S8tQ0rssrwGNn6q8JH/ohItJfSQp9mBtQYuTlH5QnA==",
      "requires": {
        "@jridgewell/sourcemap-codec": "^1.5.0"
      }
    },
    "mlly": {
      "version": "1.7.4",
      "resolved": "https://registry.npmjs.org/mlly/-/mlly-1.7.4.tgz",
      "integrity": "sha512-qmdSIPC4bDJXgZTCR7XosJiNKySV7O215tsPtDN9iEO/7q/76b/ijtgRu/+epFXSJhijtTCCGp3DWS549P3xKw==",
      "requires": {
        "acorn": "^8.14.0",
        "pathe": "^2.0.1",
        "pkg-types": "^1.3.0",
        "ufo": "^1.5.4"
      },
      "dependencies": {
        "confbox": {
          "version": "0.1.8",
          "resolved": "https://registry.npmjs.org/confbox/-/confbox-0.1.8.tgz",
          "integrity": "sha512-RMtmw0iFkeR4YV+fUOSucriAQNb9g8zFR52MWCtl+cCZOFRNL6zeB395vPzFhEjjn4fMxXudmELnl/KF/WrK6w=="
        },
        "pkg-types": {
          "version": "1.3.1",
          "resolved": "https://registry.npmjs.org/pkg-types/-/pkg-types-1.3.1.tgz",
          "integrity": "sha512-/Jm5M4RvtBFVkKWRu2BLUTNP8/M2a+UwuAX+ae4770q1qVGtfjG+WTCupoZixokjmHiry8uI+dlY8KXYV5HVVQ==",
          "requires": {
            "confbox": "^0.1.8",
            "mlly": "^1.7.4",
            "pathe": "^2.0.1"
          }
        }
      }
    },
    "node-fetch-native": {
      "version": "1.6.6",
      "resolved": "https://registry.npmjs.org/node-fetch-native/-/node-fetch-native-1.6.6.tgz",
      "integrity": "sha512-8Mc2HhqPdlIfedsuZoc3yioPuzp6b+L5jRCRY1QzuWZh2EGJVQrGppC6V6cF0bLdbW0+O2YpqCA25aF/1lvipQ=="
    },
    "nypm": {
      "version": "0.6.0",
      "resolved": "https://registry.npmjs.org/nypm/-/nypm-0.6.0.tgz",
      "integrity": "sha512-mn8wBFV9G9+UFHIrq+pZ2r2zL4aPau/by3kJb3cM7+5tQHMt6HGQB8FDIeKFYp8o0D2pnH6nVsO88N4AmUxIWg==",
      "requires": {
        "citty": "^0.1.6",
        "consola": "^3.4.0",
        "pathe": "^2.0.3",
        "pkg-types": "^2.0.0",
        "tinyexec": "^0.3.2"
      }
    },
    "ohash": {
      "version": "2.0.11",
      "resolved": "https://registry.npmjs.org/ohash/-/ohash-2.0.11.tgz",
      "integrity": "sha512-RdR9FQrFwNBNXAr4GixM8YaRZRJ5PUWbKYbE5eOsrwAjJW0q2REGcf79oYPsLyskQCZG1PLN+S/K1V00joZAoQ=="
    },
    "pathe": {
      "version": "2.0.3",
      "resolved": "https://registry.npmjs.org/pathe/-/pathe-2.0.3.tgz",
      "integrity": "sha512-WUjGcAqP1gQacoQe+OBJsFA7Ld4DyXuUIjZ5cc75cLHvJ7dtNsTugphxIADwspS+AraAUePCKrSVtPLFj/F88w=="
    },
    "perfect-debounce": {
      "version": "1.0.0",
      "resolved": "https://registry.npmjs.org/perfect-debounce/-/perfect-debounce-1.0.0.tgz",
      "integrity": "sha512-xCy9V055GLEqoFaHoC1SoLIaLmWctgCUaBaWxDZ7/Zx4CTyX7cJQLJOok/orfjZAh9kEYpjJa4d0KcJmCbctZA=="
    },
    "picomatch": {
      "version": "4.0.2",
      "resolved": "https://registry.npmjs.org/picomatch/-/picomatch-4.0.2.tgz",
      "integrity": "sha512-M7BAV6Rlcy5u+m6oPhAPFgJTzAioX/6B0DxyvDlo9l8+T3nLKbrczg2WLUyzd45L8RqfUMyGPzekbMvX2Ldkwg=="
    },
    "pinia": {
      "version": "2.0.0-rc.10",
      "resolved": "https://registry.npmjs.org/pinia/-/pinia-2.0.0-rc.10.tgz",
      "integrity": "sha512-WY0KQoHxSBylhGc6aBQKPFfAupYHWpI1QBQKJSyK9btwwMTVQpwCdePgPho+ZoEMl832jb7RwfI5TN1srV5VEA==",
      "requires": {
        "@vue/devtools-api": "^6.0.0-beta.18",
        "vue-demi": "*"
      }
    },
    "pinia-plugin-persistedstate": {
      "version": "4.3.0",
      "resolved": "https://registry.npmjs.org/pinia-plugin-persistedstate/-/pinia-plugin-persistedstate-4.3.0.tgz",
      "integrity": "sha512-x9wxpHj6iFDj5ITQJ3rj6+KesEqyRk/vqcE3WE+VGfetleV9Zufqwa9qJ6AkA5wmRSQEp7BTA1us/MDVTRHFFw==",
      "requires": {
        "@nuxt/kit": "^3.17.2",
        "deep-pick-omit": "^1.2.1",
        "defu": "^6.1.4",
        "destr": "^2.0.5"
      }
    },
    "pkg-types": {
      "version": "2.1.0",
      "resolved": "https://registry.npmjs.org/pkg-types/-/pkg-types-2.1.0.tgz",
      "integrity": "sha512-wmJwA+8ihJixSoHKxZJRBQG1oY8Yr9pGLzRmSsNms0iNWyHHAlZCa7mmKiFR10YPZuz/2k169JiS/inOjBCZ2A==",
      "requires": {
        "confbox": "^0.2.1",
        "exsolve": "^1.0.1",
        "pathe": "^2.0.3"
      }
    },
    "quansync": {
      "version": "0.2.10",
      "resolved": "https://registry.npmjs.org/quansync/-/quansync-0.2.10.tgz",
      "integrity": "sha512-t41VRkMYbkHyCYmOvx/6URnN80H7k4X0lLdBMGsz+maAwrJQYB1djpV6vHrQIBE0WBSGqhtEHrK9U3DWWH8v7A=="
    },
    "rc9": {
      "version": "2.1.2",
      "resolved": "https://registry.npmjs.org/rc9/-/rc9-2.1.2.tgz",
      "integrity": "sha512-btXCnMmRIBINM2LDZoEmOogIZU7Qe7zn4BpomSKZ/ykbLObuBdvG+mFq11DL6fjH1DRwHhrlgtYWG96bJiC7Cg==",
      "requires": {
        "defu": "^6.1.4",
        "destr": "^2.0.3"
      }
    },
    "readdirp": {
      "version": "4.1.2",
      "resolved": "https://registry.npmjs.org/readdirp/-/readdirp-4.1.2.tgz",
      "integrity": "sha512-GDhwkLfywWL2s6vEjyhri+eXmfH6j1L7JE27WhqLeYzoh/A3DBaYGEj2H/HFZCn/kMfim73FXxEJTw06WtxQwg=="
    },
    "scule": {
      "version": "1.3.0",
      "resolved": "https://registry.npmjs.org/scule/-/scule-1.3.0.tgz",
      "integrity": "sha512-6FtHJEvt+pVMIB9IBY+IcCJ6Z5f1iQnytgyfKMhDKgmzYG+TeH/wx1y3l27rshSbLiSanrR9ffZDrEsmjlQF2g=="
    },
    "semver": {
      "version": "7.7.2",
      "resolved": "https://registry.npmjs.org/semver/-/semver-7.7.2.tgz",
      "integrity": "sha512-RF0Fw+rO5AMf9MAyaRXI4AV0Ulj5lMHqVxxdSgiVbixSCXoEmmX/jk0CuJw4+3SqroYO9VoUh+HcuJivvtJemA=="
    },
    "std-env": {
      "version": "3.9.0",
      "resolved": "https://registry.npmjs.org/std-env/-/std-env-3.9.0.tgz",
      "integrity": "sha512-UGvjygr6F6tpH7o2qyqR6QYpwraIjKSdtzyBdyytFOHmPZY917kwdwLG0RbOjWOnKmnm3PeHjaoLLMie7kPLQw=="
    },
    "strip-literal": {
      "version": "3.0.0",
      "resolved": "https://registry.npmjs.org/strip-literal/-/strip-literal-3.0.0.tgz",
      "integrity": "sha512-TcccoMhJOM3OebGhSBEmp3UZ2SfDMZUEBdRA/9ynfLi8yYajyWX3JiXArcJt4Umh4vISpspkQIY8ZZoCqjbviA==",
      "requires": {
        "js-tokens": "^9.0.1"
      }
    },
    "tinyexec": {
      "version": "0.3.2",
      "resolved": "https://registry.npmjs.org/tinyexec/-/tinyexec-0.3.2.tgz",
      "integrity": "sha512-KQQR9yN7R5+OSwaK0XQoj22pwHoTlgYqmUscPYoknOoWCWfj/5/ABTMRi69FrKU5ffPVh5QcFikpWJI/P1ocHA=="
    },
    "tinyglobby": {
      "version": "0.2.13",
      "resolved": "https://registry.npmjs.org/tinyglobby/-/tinyglobby-0.2.13.tgz",
      "integrity": "sha512-mEwzpUgrLySlveBwEVDMKk5B57bhLPYovRfPAXD5gA/98Opn0rCDj3GtLwFvCvH5RK9uPCExUROW5NjDwvqkxw==",
      "requires": {
        "fdir": "^6.4.4",
        "picomatch": "^4.0.2"
      }
    },
    "ufo": {
      "version": "1.6.1",
      "resolved": "https://registry.npmjs.org/ufo/-/ufo-1.6.1.tgz",
      "integrity": "sha512-9a4/uxlTWJ4+a5i0ooc1rU7C7YOw3wT+UGqdeNNHWnOF9qcMBgLRS+4IYUqbczewFx4mLEig6gawh7X6mFlEkA=="
    },
    "unctx": {
      "version": "2.4.1",
      "resolved": "https://registry.npmjs.org/unctx/-/unctx-2.4.1.tgz",
      "integrity": "sha512-AbaYw0Nm4mK4qjhns67C+kgxR2YWiwlDBPzxrN8h8C6VtAdCgditAY5Dezu3IJy4XVqAnbrXt9oQJvsn3fyozg==",
      "requires": {
        "acorn": "^8.14.0",
        "estree-walker": "^3.0.3",
        "magic-string": "^0.30.17",
        "unplugin": "^2.1.0"
      }
    },
    "unimport": {
      "version": "5.0.1",
      "resolved": "https://registry.npmjs.org/unimport/-/unimport-5.0.1.tgz",
      "integrity": "sha512-1YWzPj6wYhtwHE+9LxRlyqP4DiRrhGfJxdtH475im8ktyZXO3jHj/3PZ97zDdvkYoovFdi0K4SKl3a7l92v3sQ==",
      "requires": {
        "acorn": "^8.14.1",
        "escape-string-regexp": "^5.0.0",
        "estree-walker": "^3.0.3",
        "local-pkg": "^1.1.1",
        "magic-string": "^0.30.17",
        "mlly": "^1.7.4",
        "pathe": "^2.0.3",
        "picomatch": "^4.0.2",
        "pkg-types": "^2.1.0",
        "scule": "^1.3.0",
        "strip-literal": "^3.0.0",
        "tinyglobby": "^0.2.13",
        "unplugin": "^2.3.2",
        "unplugin-utils": "^0.2.4"
      }
    },
    "unplugin": {
      "version": "2.3.4",
      "resolved": "https://registry.npmjs.org/unplugin/-/unplugin-2.3.4.tgz",
      "integrity": "sha512-m4PjxTurwpWfpMomp8AptjD5yj8qEZN5uQjjGM3TAs9MWWD2tXSSNNj6jGR2FoVGod4293ytyV6SwBbertfyJg==",
      "requires": {
        "acorn": "^8.14.1",
        "picomatch": "^4.0.2",
        "webpack-virtual-modules": "^0.6.2"
      }
    },
    "unplugin-utils": {
      "version": "0.2.4",
      "resolved": "https://registry.npmjs.org/unplugin-utils/-/unplugin-utils-0.2.4.tgz",
      "integrity": "sha512-8U/MtpkPkkk3Atewj1+RcKIjb5WBimZ/WSLhhR3w6SsIj8XJuKTacSP8g+2JhfSGw0Cb125Y+2zA/IzJZDVbhA==",
      "requires": {
        "pathe": "^2.0.2",
        "picomatch": "^4.0.2"
      }
    },
    "untyped": {
      "version": "2.0.0",
      "resolved": "https://registry.npmjs.org/untyped/-/untyped-2.0.0.tgz",
      "integrity": "sha512-nwNCjxJTjNuLCgFr42fEak5OcLuB3ecca+9ksPFNvtfYSLpjf+iJqSIaSnIile6ZPbKYxI5k2AfXqeopGudK/g==",
      "requires": {
        "citty": "^0.1.6",
        "defu": "^6.1.4",
        "jiti": "^2.4.2",
        "knitwork": "^1.2.0",
        "scule": "^1.3.0"
      }
    },
    "vue-demi": {
      "version": "0.14.10",
      "resolved": "https://registry.npmjs.org/vue-demi/-/vue-demi-0.14.10.tgz",
      "integrity": "sha512-nMZBOwuzabUO0nLgIcc6rycZEebF6eeUfaiQx9+WSk8e29IbLvPU9feI6tqW4kTo3hvoYAJkMh8n8D0fuISphg=="
    },
    "webpack-virtual-modules": {
      "version": "0.6.2",
      "resolved": "https://registry.npmjs.org/webpack-virtual-modules/-/webpack-virtual-modules-0.6.2.tgz",
      "integrity": "sha512-66/V2i5hQanC51vBQKPH4aI8NMAcBW59FVBs+rC7eGHupMyfn34q7rZIE+ETlJ+XTevqfUhVVBgSUNSW2flEUQ=="
    }
  }
}
