{
  "requires": true,
  "lockfileVersion": 1,
  "dependencies": {
    "@vue/devtools-api": {
      "version": "6.6.4",
      "resolved": "https://registry.npmjs.org/@vue/devtools-api/-/devtools-api-6.6.4.tgz",
      "integrity": "sha512-sGhTPMuXqZ1rVOk32RylztWkfXTRhuS7vgAKv0zjqk8gbsHkJ7xfFf+jbySxt7tWObEJwyKaHMikV/WGDiQm8g=="
    },
    "pinia": {
      "version": "2.0.0-rc.10",
      "resolved": "https://registry.npmjs.org/pinia/-/pinia-2.0.0-rc.10.tgz",
      "integrity": "sha512-WY0KQoHxSBylhGc6aBQKPFfAupYHWpI1QBQKJSyK9btwwMTVQpwCdePgPho+ZoEMl832jb7RwfI5TN1srV5VEA==",
      "requires": {
        "@vue/devtools-api": "^6.0.0-beta.18",
        "vue-demi": "*"
      }
    },
    "vue-demi": {
      "version": "0.14.10",
      "resolved": "https://registry.npmjs.org/vue-demi/-/vue-demi-0.14.10.tgz",
      "integrity": "sha512-nMZBOwuzabUO0nLgIcc6rycZEebF6eeUfaiQx9+WSk8e29IbLvPU9feI6tqW4kTo3hvoYAJkMh8n8D0fuISphg=="
    }
  }
}
